
Microsoft Visual Studio Solution File, Format Version 12.00
# Visual Studio 14
VisualStudioVersion = 14.0.25123.0
MinimumVisualStudioVersion = 10.0.40219.1
Project("{FAE04EC0-301F-11D3-BF4B-00C04F79EFBC}") = "Server", "Server.csproj", "{459117A6-A52D-47A5-B687-8518FFCA5D85}"
EndProject
Project("{FAE04EC0-301F-11D3-BF4B-00C04F79EFBC}") = "Client", "..\Client\Client.csproj", "{360F378E-3E36-4EE5-B96A-7DC6631DF5D2}"
EndProject
Global
	GlobalSection(SolutionConfigurationPlatforms) = preSolution
		Debug|Any CPU = Debug|Any CPU
		Release|Any CPU = Release|Any CPU
	EndGlobalSection
	GlobalSection(ProjectConfigurationPlatforms) = postSolution
		{459117A6-A52D-47A5-B687-8518FFCA5D85}.Debug|Any CPU.ActiveCfg = Debug|Any CPU
		{459117A6-A52D-47A5-B687-8518FFCA5D85}.Debug|Any CPU.Build.0 = Debug|Any CPU
		{459117A6-A52D-47A5-B687-8518FFCA5D85}.Release|Any CPU.ActiveCfg = Release|Any CPU
		{459117A6-A52D-47A5-B687-8518FFCA5D85}.Release|Any CPU.Build.0 = Release|Any CPU
		{360F378E-3E36-4EE5-B96A-7DC6631DF5D2}.Debug|Any CPU.ActiveCfg = Debug|Any CPU
		{360F378E-3E36-4EE5-B96A-7DC6631DF5D2}.Debug|Any CPU.Build.0 = Debug|Any CPU
		{360F378E-3E36-4EE5-B96A-7DC6631DF5D2}.Release|Any CPU.ActiveCfg = Release|Any CPU
		{360F378E-3E36-4EE5-B96A-7DC6631DF5D2}.Release|Any CPU.Build.0 = Release|Any CPU
	EndGlobalSection
	GlobalSection(SolutionProperties) = preSolution
		HideSolutionNode = FALSE
	EndGlobalSection
EndGlobal
